
Microsoft Visual Studio Solution File, Format Version 12.00
# Visual Studio Version 17
VisualStudioVersion = 17.3.32929.385
MinimumVisualStudioVersion = 10.0.40219.1
Project("{9A19103F-16F7-4668-BE54-9A1E7A4F7556}") = "isadupuis.com", "isadupuis_com\isadupuis.com.csproj", "{8411262E-6E04-456A-B74B-83008DD8A301}"
EndProject
Global
	GlobalSection(SolutionConfigurationPlatforms) = preSolution
		Debug|Any CPU = Debug|Any CPU
		Release|Any CPU = Release|Any CPU
	EndGlobalSection
	GlobalSection(ProjectConfigurationPlatforms) = postSolution
		{8411262E-6E04-456A-B74B-83008DD8A301}.Debug|Any CPU.ActiveCfg = Debug|Any CPU
		{8411262E-6E04-456A-B74B-83008DD8A301}.Debug|Any CPU.Build.0 = Debug|Any CPU
		{8411262E-6E04-456A-B74B-83008DD8A301}.Release|Any CPU.ActiveCfg = Release|Any CPU
		{8411262E-6E04-456A-B74B-83008DD8A301}.Release|Any CPU.Build.0 = Release|Any CPU
	EndGlobalSection
	GlobalSection(SolutionProperties) = preSolution
		HideSolutionNode = FALSE
	EndGlobalSection
	GlobalSection(ExtensibilityGlobals) = postSolution
		SolutionGuid = {8ADF9795-01A9-4078-AC00-C5DEF032CDA1}
	EndGlobalSection
EndGlobal
